// !$*UTF8*$!
{
	archiveVersion = 1;
	classes = {
	};
	objectVersion = 77;
	objects = {

/* Begin PBXContainerItemProxy section */
		AA0000000000000000000011 /* PBXContainerItemProxy */ = {
			isa = PBXContainerItemProxy;
			containerPortal = AA0000000000000000000001 /* Project object */;
			proxyType = 1;
			remoteGlobalIDString = AA0000000000000000000002;
			remoteInfo = Tower;
		};
/* End PBXContainerItemProxy section */

/* Begin PBXFileReference section */
		BB0000000000000000000001 /* TowerUITests.xctest */ = {isa = PBXFileReference; explicitFileType = wrapper.cfbundle; path = TowerUITests.xctest; sourceTree = BUILT_PRODUCTS_DIR; };
		AA0000000000000000000004 /* Tower.app */ = {isa = PBXFileReference; explicitFileType = wrapper.application; includeInIndex = 0; path = Tower.app; sourceTree = BUILT_PRODUCTS_DIR; };
		AA0000000000000000000005 /* TowerTests.xctest */ = {isa = PBXFileReference; explicitFileType = wrapper.cfbundle; includeInIndex = 0; path = TowerTests.xctest; sourceTree = BUILT_PRODUCTS_DIR; };
/* End PBXFileReference section */

/* Begin PBXFileSystemSynchronizedBuildFileExceptionSet section */
		AA0000000000000000000030 /* Exceptions for "Tower" folder in "Tower" target */ = {
			isa = PBXFileSystemSynchronizedBuildFileExceptionSet;
			membershipExceptions = (
				Info.plist,
			);
			target = AA0000000000000000000002 /* Tower */;
		};
/* End PBXFileSystemSynchronizedBuildFileExceptionSet section */

/* Begin PBXFileSystemSynchronizedRootGroup section */
		BB0000000000000000000002 /* TowerUITests */ = {isa = PBXFileSystemSynchronizedRootGroup; path = TowerUITests; sourceTree = "<group>"; };
		AA0000000000000000000006 /* Tower */ = {
			isa = PBXFileSystemSynchronizedRootGroup;
			exceptions = (
				AA0000000000000000000030 /* Exceptions for "Tower" folder in "Tower" target */,
			);
			path = Tower;
			sourceTree = "<group>";
		};
		AA0000000000000000000007 /* TowerTests */ = {
			isa = PBXFileSystemSynchronizedRootGroup;
			path = TowerTests;
			sourceTree = "<group>";
		};
/* End PBXFileSystemSynchronizedRootGroup section */

/* Begin PBXFrameworksBuildPhase section */
		BB0000000000000000000003 = {isa = PBXFrameworksBuildPhase; buildActionMask = 2147483647; files = (); runOnlyForDeploymentPostprocessing = 0; };
		AA0000000000000000000008 /* Frameworks */ = {
			isa = PBXFrameworksBuildPhase;
			buildActionMask = 2147483647;
			files = (
			);
			runOnlyForDeploymentPostprocessing = 0;
		};
		AA0000000000000000000009 /* Frameworks */ = {
			isa = PBXFrameworksBuildPhase;
			buildActionMask = 2147483647;
			files = (
			);
			runOnlyForDeploymentPostprocessing = 0;
		};
/* End PBXFrameworksBuildPhase section */

/* Begin PBXGroup section */
		AA000000000000000000000A = {
			isa = PBXGroup;
			children = (
				AA0000000000000000000006 /* Tower */,
				AA0000000000000000000007 /* TowerTests */,
				BB0000000000000000000002 /* TowerUITests */,
				AA000000000000000000000B /* Products */,
			);
			sourceTree = "<group>";
		};
		AA000000000000000000000B /* Products */ = {
			isa = PBXGroup;
			children = (
				AA0000000000000000000004 /* Tower.app */,
				AA0000000000000000000005 /* TowerTests.xctest */,
				BB0000000000000000000001 /* TowerUITests.xctest */,
			);
			name = Products;
			sourceTree = "<group>";
		};
/* End PBXGroup section */

/* Begin PBXNativeTarget section */
		BB0000000000000000000004 /* TowerUITests */ = {
			isa = PBXNativeTarget;
			buildConfigurationList = BB0000000000000000000005;
			buildPhases = (BB0000000000000000000006, BB0000000000000000000003, BB0000000000000000000007);
			buildRules = ();
			dependencies = (AA0000000000000000000010);
			fileSystemSynchronizedGroups = (BB0000000000000000000002);
			name = TowerUITests;
			productName = TowerUITests;
			productReference = BB0000000000000000000001;
			productType = "com.apple.product-type.bundle.ui-testing";
		};
		AA0000000000000000000002 /* Tower */ = {
			isa = PBXNativeTarget;
			buildConfigurationList = AA0000000000000000000012 /* Build configuration list for PBXNativeTarget "Tower" */;
			buildPhases = (
				AA000000000000000000000C /* Sources */,
				AA0000000000000000000008 /* Frameworks */,
				AA000000000000000000000D /* Resources */,
			);
			buildRules = (
			);
			dependencies = (
			);
			fileSystemSynchronizedGroups = (
				AA0000000000000000000006 /* Tower */,
			);
			name = Tower;
			packageProductDependencies = (
			);
			productName = Tower;
			productReference = AA0000000000000000000004 /* Tower.app */;
			productType = "com.apple.product-type.application";
		};
		AA0000000000000000000003 /* TowerTests */ = {
			isa = PBXNativeTarget;
			buildConfigurationList = AA0000000000000000000013 /* Build configuration list for PBXNativeTarget "TowerTests" */;
			buildPhases = (
				AA000000000000000000000E /* Sources */,
				AA0000000000000000000009 /* Frameworks */,
				AA000000000000000000000F /* Resources */,
			);
			buildRules = (
			);
			dependencies = (
				AA0000000000000000000010 /* PBXTargetDependency */,
			);
			fileSystemSynchronizedGroups = (
				AA0000000000000000000007 /* TowerTests */,
			);
			name = TowerTests;
			packageProductDependencies = (
			);
			productName = TowerTests;
			productReference = AA0000000000000000000005 /* TowerTests.xctest */;
			productType = "com.apple.product-type.bundle.unit-test";
		};
/* End PBXNativeTarget section */

/* Begin PBXProject section */
		AA0000000000000000000001 /* Project object */ = {
			isa = PBXProject;
			attributes = {
				BuildIndependentTargetsInParallel = 1;
				LastSwiftUpdateCheck = 2660;
				LastUpgradeCheck = 2660;
				TargetAttributes = {
					AA0000000000000000000002 = {
						CreatedOnToolsVersion = 26.6;
					};
					AA0000000000000000000003 = {
						CreatedOnToolsVersion = 26.6;
						TestTargetID = AA0000000000000000000002;
					};
				};
			};
			buildConfigurationList = AA0000000000000000000014 /* Build configuration list for PBXProject "Tower" */;
			developmentRegion = zh_Hans;
			hasScannedForEncodings = 0;
			knownRegions = (
				ar,
				de,
				en,
				es,
				fr,
				id,
				ja,
				ko,
				"pt-BR",
				ru,
				th,
				tr,
				vi,
				Base,
				zh_Hans,
				zh_Hant,
			);
			mainGroup = AA000000000000000000000A;
			minimizedProjectReferenceProxies = 1;
			preferredProjectObjectVersion = 77;
			productRefGroup = AA000000000000000000000B /* Products */;
			projectDirPath = "";
			projectRoot = "";
			targets = (
				BB0000000000000000000004 /* TowerUITests */,
				AA0000000000000000000002 /* Tower */,
				AA0000000000000000000003 /* TowerTests */,
			);
		};
/* End PBXProject section */

/* Begin PBXResourcesBuildPhase section */
		BB0000000000000000000007 = {isa = PBXResourcesBuildPhase; buildActionMask = 2147483647; files = (); runOnlyForDeploymentPostprocessing = 0; };
		AA000000000000000000000D /* Resources */ = {
			isa = PBXResourcesBuildPhase;
			buildActionMask = 2147483647;
			files = (
			);
			runOnlyForDeploymentPostprocessing = 0;
		};
		AA000000000000000000000F /* Resources */ = {
			isa = PBXResourcesBuildPhase;
			buildActionMask = 2147483647;
			files = (
			);
			runOnlyForDeploymentPostprocessing = 0;
		};
/* End PBXResourcesBuildPhase section */

/* Begin PBXSourcesBuildPhase section */
		BB0000000000000000000006 = {isa = PBXSourcesBuildPhase; buildActionMask = 2147483647; files = (); runOnlyForDeploymentPostprocessing = 0; };
		AA000000000000000000000C /* Sources */ = {
			isa = PBXSourcesBuildPhase;
			buildActionMask = 2147483647;
			files = (
			);
			runOnlyForDeploymentPostprocessing = 0;
		};
		AA000000000000000000000E /* Sources */ = {
			isa = PBXSourcesBuildPhase;
			buildActionMask = 2147483647;
			files = (
			);
			runOnlyForDeploymentPostprocessing = 0;
		};
/* End PBXSourcesBuildPhase section */

/* Begin PBXTargetDependency section */
		AA0000000000000000000010 /* PBXTargetDependency */ = {
			isa = PBXTargetDependency;
			target = AA0000000000000000000002 /* Tower */;
			targetProxy = AA0000000000000000000011 /* PBXContainerItemProxy */;
		};
/* End PBXTargetDependency section */

/* Begin XCBuildConfiguration section */
		BB0000000000000000000008 = {isa = XCBuildConfiguration; buildSettings = {CODE_SIGN_STYLE = Automatic; GENERATE_INFOPLIST_FILE = YES; PRODUCT_BUNDLE_IDENTIFIER = com.jzb.tower.uitests; PRODUCT_NAME = "$(TARGET_NAME)"; SWIFT_VERSION = 5.0; TEST_TARGET_NAME = Tower; IPHONEOS_DEPLOYMENT_TARGET = 16.0; TARGETED_DEVICE_FAMILY = "1,2"; SUPPORTS_MACCATALYST = YES; }; name = Debug; };
		BB0000000000000000000009 = {isa = XCBuildConfiguration; buildSettings = {CODE_SIGN_STYLE = Automatic; GENERATE_INFOPLIST_FILE = YES; PRODUCT_BUNDLE_IDENTIFIER = com.jzb.tower.uitests; PRODUCT_NAME = "$(TARGET_NAME)"; SWIFT_VERSION = 5.0; TEST_TARGET_NAME = Tower; IPHONEOS_DEPLOYMENT_TARGET = 16.0; TARGETED_DEVICE_FAMILY = "1,2"; SUPPORTS_MACCATALYST = YES; }; name = Release; };
		AA0000000000000000000020 /* Debug */ = {
			isa = XCBuildConfiguration;
			buildSettings = {
				ASSETCATALOG_COMPILER_APPICON_NAME = AppIcon;
				ASSETCATALOG_COMPILER_GLOBAL_ACCENT_COLOR_NAME = AccentColor;
				CODE_SIGN_ENTITLEMENTS = Tower/Tower.entitlements;
				"CODE_SIGN_ENTITLEMENTS[sdk=macosx*]" = Tower/TowerMac.entitlements;
				CODE_SIGN_STYLE = Automatic;
				CURRENT_PROJECT_VERSION = 48;
				DEVELOPMENT_TEAM = "";
				ENABLE_PREVIEWS = YES;
				GENERATE_INFOPLIST_FILE = YES;
				INFOPLIST_FILE = Tower/Info.plist;
				INFOPLIST_KEY_CFBundleDisplayName = "塔台";
				INFOPLIST_KEY_ITSAppUsesNonExemptEncryption = NO;
				INFOPLIST_KEY_LSApplicationCategoryType = "public.app-category.utilities";
				INFOPLIST_KEY_NSCameraUsageDescription = "扫描订阅或节点二维码以添加到塔台";
				INFOPLIST_KEY_NSLocalNetworkUsageDescription = "允许同一 Wi-Fi 下的 OpenClash、Windows 和 Mac 客户端读取您主动开启的转换订阅";
				INFOPLIST_KEY_UIApplicationSceneManifest_Generation = YES;
				INFOPLIST_KEY_UIApplicationSupportsIndirectInputEvents = YES;
				INFOPLIST_KEY_UILaunchScreen_Generation = YES;
				INFOPLIST_KEY_UISupportedInterfaceOrientations_iPad = "UIInterfaceOrientationPortrait UIInterfaceOrientationPortraitUpsideDown UIInterfaceOrientationLandscapeLeft UIInterfaceOrientationLandscapeRight";
				INFOPLIST_KEY_UISupportedInterfaceOrientations_iPhone = "UIInterfaceOrientationPortrait UIInterfaceOrientationLandscapeLeft UIInterfaceOrientationLandscapeRight";
				IPHONEOS_DEPLOYMENT_TARGET = 16.0;
				LD_RUNPATH_SEARCH_PATHS = (
					"$(inherited)",
					"@executable_path/Frameworks",
				);
				MARKETING_VERSION = 1.0.10;
				PRODUCT_BUNDLE_IDENTIFIER = com.jzb.tower;
				PRODUCT_NAME = "$(TARGET_NAME)";
				SWIFT_EMIT_LOC_STRINGS = YES;
				SWIFT_VERSION = 5.0;
				SUPPORTS_MACCATALYST = YES;
				TARGETED_DEVICE_FAMILY = "1,2";
			};
			name = Debug;
		};
		AA0000000000000000000021 /* Release */ = {
			isa = XCBuildConfiguration;
			buildSettings = {
				ASSETCATALOG_COMPILER_APPICON_NAME = AppIcon;
				ASSETCATALOG_COMPILER_GLOBAL_ACCENT_COLOR_NAME = AccentColor;
				CODE_SIGN_ENTITLEMENTS = Tower/Tower.entitlements;
				"CODE_SIGN_ENTITLEMENTS[sdk=macosx*]" = Tower/TowerMac.entitlements;
				CODE_SIGN_STYLE = Automatic;
				CURRENT_PROJECT_VERSION = 48;
				DEVELOPMENT_TEAM = "";
				ENABLE_PREVIEWS = YES;
				GENERATE_INFOPLIST_FILE = YES;
				INFOPLIST_FILE = Tower/Info.plist;
				INFOPLIST_KEY_CFBundleDisplayName = "塔台";
				INFOPLIST_KEY_ITSAppUsesNonExemptEncryption = NO;
				INFOPLIST_KEY_LSApplicationCategoryType = "public.app-category.utilities";
				INFOPLIST_KEY_NSCameraUsageDescription = "扫描订阅或节点二维码以添加到塔台";
				INFOPLIST_KEY_NSLocalNetworkUsageDescription = "允许同一 Wi-Fi 下的 OpenClash、Windows 和 Mac 客户端读取您主动开启的转换订阅";
				INFOPLIST_KEY_UIApplicationSceneManifest_Generation = YES;
				INFOPLIST_KEY_UIApplicationSupportsIndirectInputEvents = YES;
				INFOPLIST_KEY_UILaunchScreen_Generation = YES;
				INFOPLIST_KEY_UISupportedInterfaceOrientations_iPad = "UIInterfaceOrientationPortrait UIInterfaceOrientationPortraitUpsideDown UIInterfaceOrientationLandscapeLeft UIInterfaceOrientationLandscapeRight";
				INFOPLIST_KEY_UISupportedInterfaceOrientations_iPhone = "UIInterfaceOrientationPortrait UIInterfaceOrientationLandscapeLeft UIInterfaceOrientationLandscapeRight";
				IPHONEOS_DEPLOYMENT_TARGET = 16.0;
				LD_RUNPATH_SEARCH_PATHS = (
					"$(inherited)",
					"@executable_path/Frameworks",
				);
				MARKETING_VERSION = 1.0.10;
				PRODUCT_BUNDLE_IDENTIFIER = com.jzb.tower;
				PRODUCT_NAME = "$(TARGET_NAME)";
				SWIFT_EMIT_LOC_STRINGS = YES;
				SWIFT_VERSION = 5.0;
				SUPPORTS_MACCATALYST = YES;
				TARGETED_DEVICE_FAMILY = "1,2";
			};
			name = Release;
		};
		AA0000000000000000000022 /* Debug */ = {
			isa = XCBuildConfiguration;
			buildSettings = {
				BUNDLE_LOADER = "$(TEST_HOST)";
				CODE_SIGN_STYLE = Automatic;
				CURRENT_PROJECT_VERSION = 48;
				GENERATE_INFOPLIST_FILE = YES;
				IPHONEOS_DEPLOYMENT_TARGET = 16.0;
				MARKETING_VERSION = 1.0.10;
				PRODUCT_BUNDLE_IDENTIFIER = com.jzb.tower.tests;
				PRODUCT_NAME = "$(TARGET_NAME)";
				SWIFT_VERSION = 5.0;
				SUPPORTS_MACCATALYST = YES;
				TARGETED_DEVICE_FAMILY = "1,2";
				TEST_HOST = "$(BUILT_PRODUCTS_DIR)/Tower.app/$(BUNDLE_EXECUTABLE_FOLDER_PATH)/Tower";
			};
			name = Debug;
		};
		AA0000000000000000000023 /* Release */ = {
			isa = XCBuildConfiguration;
			buildSettings = {
				BUNDLE_LOADER = "$(TEST_HOST)";
				CODE_SIGN_STYLE = Automatic;
				CURRENT_PROJECT_VERSION = 48;
				GENERATE_INFOPLIST_FILE = YES;
				IPHONEOS_DEPLOYMENT_TARGET = 16.0;
				MARKETING_VERSION = 1.0.10;
				PRODUCT_BUNDLE_IDENTIFIER = com.jzb.tower.tests;
				PRODUCT_NAME = "$(TARGET_NAME)";
				SWIFT_VERSION = 5.0;
				SUPPORTS_MACCATALYST = YES;
				TARGETED_DEVICE_FAMILY = "1,2";
				TEST_HOST = "$(BUILT_PRODUCTS_DIR)/Tower.app/$(BUNDLE_EXECUTABLE_FOLDER_PATH)/Tower";
			};
			name = Release;
		};
		AA0000000000000000000024 /* Debug */ = {
			isa = XCBuildConfiguration;
			buildSettings = {
				ALWAYS_SEARCH_USER_PATHS = NO;
				ASSETCATALOG_COMPILER_GENERATE_SWIFT_ASSET_SYMBOL_EXTENSIONS = YES;
				CLANG_ENABLE_MODULES = YES;
				CLANG_ENABLE_OBJC_ARC = YES;
				CLANG_WARN_BOOL_CONVERSION = YES;
				CLANG_WARN_CONSTANT_CONVERSION = YES;
				CLANG_WARN_DOCUMENTATION_COMMENTS = YES;
				CLANG_WARN_EMPTY_BODY = YES;
				CLANG_WARN_INFINITE_RECURSION = YES;
				CLANG_WARN_INT_CONVERSION = YES;
				CLANG_WARN_OBJC_ROOT_CLASS = YES_ERROR;
				CLANG_WARN_UNREACHABLE_CODE = YES;
				COPY_PHASE_STRIP = NO;
				DEBUG_INFORMATION_FORMAT = dwarf;
				ENABLE_STRICT_OBJC_MSGSEND = YES;
				ENABLE_TESTABILITY = YES;
				ENABLE_USER_SCRIPT_SANDBOXING = YES;
				GCC_C_LANGUAGE_STANDARD = gnu17;
				GCC_NO_COMMON_BLOCKS = YES;
				GCC_OPTIMIZATION_LEVEL = 0;
				GCC_PREPROCESSOR_DEFINITIONS = (
					"DEBUG=1",
					"$(inherited)",
				);
				IPHONEOS_DEPLOYMENT_TARGET = 16.0;
				LOCALIZATION_PREFERS_STRING_CATALOGS = YES;
				MTL_ENABLE_DEBUG_INFO = INCLUDE_SOURCE;
				ONLY_ACTIVE_ARCH = YES;
				SDKROOT = iphoneos;
				SWIFT_ACTIVE_COMPILATION_CONDITIONS = "DEBUG $(inherited)";
				SWIFT_OPTIMIZATION_LEVEL = "-Onone";
			};
			name = Debug;
		};
		AA0000000000000000000025 /* Release */ = {
			isa = XCBuildConfiguration;
			buildSettings = {
				ALWAYS_SEARCH_USER_PATHS = NO;
				ASSETCATALOG_COMPILER_GENERATE_SWIFT_ASSET_SYMBOL_EXTENSIONS = YES;
				CLANG_ENABLE_MODULES = YES;
				CLANG_ENABLE_OBJC_ARC = YES;
				CLANG_WARN_BOOL_CONVERSION = YES;
				CLANG_WARN_CONSTANT_CONVERSION = YES;
				CLANG_WARN_DOCUMENTATION_COMMENTS = YES;
				CLANG_WARN_EMPTY_BODY = YES;
				CLANG_WARN_INFINITE_RECURSION = YES;
				CLANG_WARN_INT_CONVERSION = YES;
				CLANG_WARN_OBJC_ROOT_CLASS = YES_ERROR;
				CLANG_WARN_UNREACHABLE_CODE = YES;
				COPY_PHASE_STRIP = NO;
				DEBUG_INFORMATION_FORMAT = "dwarf-with-dsym";
				ENABLE_NS_ASSERTIONS = NO;
				ENABLE_STRICT_OBJC_MSGSEND = YES;
				ENABLE_USER_SCRIPT_SANDBOXING = YES;
				GCC_C_LANGUAGE_STANDARD = gnu17;
				GCC_NO_COMMON_BLOCKS = YES;
				IPHONEOS_DEPLOYMENT_TARGET = 16.0;
				LOCALIZATION_PREFERS_STRING_CATALOGS = YES;
				MTL_ENABLE_DEBUG_INFO = NO;
				SDKROOT = iphoneos;
				SWIFT_COMPILATION_MODE = wholemodule;
				VALIDATE_PRODUCT = YES;
			};
			name = Release;
		};
/* End XCBuildConfiguration section */

/* Begin XCConfigurationList section */
		BB0000000000000000000005 = {isa = XCConfigurationList; buildConfigurations = (BB0000000000000000000008, BB0000000000000000000009); defaultConfigurationIsVisible = 0; defaultConfigurationName = Release; };
		AA0000000000000000000012 /* Build configuration list for PBXNativeTarget "Tower" */ = {
			isa = XCConfigurationList;
			buildConfigurations = (
				AA0000000000000000000020 /* Debug */,
				AA0000000000000000000021 /* Release */,
			);
			defaultConfigurationIsVisible = 0;
			defaultConfigurationName = Release;
		};
		AA0000000000000000000013 /* Build configuration list for PBXNativeTarget "TowerTests" */ = {
			isa = XCConfigurationList;
			buildConfigurations = (
				AA0000000000000000000022 /* Debug */,
				AA0000000000000000000023 /* Release */,
			);
			defaultConfigurationIsVisible = 0;
			defaultConfigurationName = Release;
		};
		AA0000000000000000000014 /* Build configuration list for PBXProject "Tower" */ = {
			isa = XCConfigurationList;
			buildConfigurations = (
				AA0000000000000000000024 /* Debug */,
				AA0000000000000000000025 /* Release */,
			);
			defaultConfigurationIsVisible = 0;
			defaultConfigurationName = Release;
		};
/* End XCConfigurationList section */
	};
	rootObject = AA0000000000000000000001 /* Project object */;
}
